
Microsoft Visual Studio Solution File, Format Version 12.00
# Visual Studio Version 17
VisualStudioVersion = 17.3.32825.248
MinimumVisualStudioVersion = 10.0.40219.1
Project("{9A19103F-16F7-4668-BE54-9A1E7A4F7556}") = "Slutuppgift", "Slutuppgift\Slutuppgift.csproj", "{57740626-5AEF-4715-B2C3-A777432C9233}"
EndProject
Global
	GlobalSection(SolutionConfigurationPlatforms) = preSolution
		Debug|Any CPU = Debug|Any CPU
		Release|Any CPU = Release|Any CPU
	EndGlobalSection
	GlobalSection(ProjectConfigurationPlatforms) = postSolution
		{57740626-5AEF-4715-B2C3-A777432C9233}.Debug|Any CPU.ActiveCfg = Debug|Any CPU
		{57740626-5AEF-4715-B2C3-A777432C9233}.Debug|Any CPU.Build.0 = Debug|Any CPU
		{57740626-5AEF-4715-B2C3-A777432C9233}.Release|Any CPU.ActiveCfg = Release|Any CPU
		{57740626-5AEF-4715-B2C3-A777432C9233}.Release|Any CPU.Build.0 = Release|Any CPU
	EndGlobalSection
	GlobalSection(SolutionProperties) = preSolution
		HideSolutionNode = FALSE
	EndGlobalSection
	GlobalSection(ExtensibilityGlobals) = postSolution
		SolutionGuid = {522737A7-B90C-447F-936B-0FD757EA3ACE}
	EndGlobalSection
EndGlobal
